
Microsoft Visual Studio Solution File, Format Version 12.00
# Visual Studio Version 17
VisualStudioVersion = 17.14.36623.8
MinimumVisualStudioVersion = 10.0.40219.1
Project("{FAE04EC0-301F-11D3-BF4B-00C04F79EFBC}") = "Task-01", "Task-01\Task-01.csproj", "{00A64C70-A8DF-49E9-9C6F-7006A40A81F1}"
EndProject
Project("{FAE04EC0-301F-11D3-BF4B-00C04F79EFBC}") = "Task-02", "Task-02\Task-02.csproj", "{62CD9978-CF7B-4AC2-8553-EC9451EB7E00}"
EndProject
Project("{FAE04EC0-301F-11D3-BF4B-00C04F79EFBC}") = "Task-2.1", "Task-2.1\Task-2.1.csproj", "{39E1F226-B9EB-4B8B-A308-05207AA07881}"
EndProject
Project("{FAE04EC0-301F-11D3-BF4B-00C04F79EFBC}") = "Task-03", "Task-03\Task-03.csproj", "{2839163E-2D6C-4981-B7C5-2B5EBF9675CB}"
EndProject
Project("{FAE04EC0-301F-11D3-BF4B-00C04F79EFBC}") = "Task-04", "Task-04\Task-04.csproj", "{84B516B1-40A7-4EEE-AE06-9409BDDB29DB}"
EndProject
Project("{FAE04EC0-301F-11D3-BF4B-00C04F79EFBC}") = "Task-05", "Task-05\Task-05.csproj", "{C54760C2-6EF9-469E-AFF8-E7C1B4073152}"
EndProject
Project("{FAE04EC0-301F-11D3-BF4B-00C04F79EFBC}") = "Task-06", "Task-06\Task-06.csproj", "{443E7D61-FDB8-48F5-A4CF-B757DC58033A}"
EndProject
Global
	GlobalSection(SolutionConfigurationPlatforms) = preSolution
		Debug|Any CPU = Debug|Any CPU
		Release|Any CPU = Release|Any CPU
	EndGlobalSection
	GlobalSection(ProjectConfigurationPlatforms) = postSolution
		{00A64C70-A8DF-49E9-9C6F-7006A40A81F1}.Debug|Any CPU.ActiveCfg = Debug|Any CPU
		{00A64C70-A8DF-49E9-9C6F-7006A40A81F1}.Debug|Any CPU.Build.0 = Debug|Any CPU
		{00A64C70-A8DF-49E9-9C6F-7006A40A81F1}.Release|Any CPU.ActiveCfg = Release|Any CPU
		{00A64C70-A8DF-49E9-9C6F-7006A40A81F1}.Release|Any CPU.Build.0 = Release|Any CPU
		{62CD9978-CF7B-4AC2-8553-EC9451EB7E00}.Debug|Any CPU.ActiveCfg = Debug|Any CPU
		{62CD9978-CF7B-4AC2-8553-EC9451EB7E00}.Debug|Any CPU.Build.0 = Debug|Any CPU
		{62CD9978-CF7B-4AC2-8553-EC9451EB7E00}.Release|Any CPU.ActiveCfg = Release|Any CPU
		{62CD9978-CF7B-4AC2-8553-EC9451EB7E00}.Release|Any CPU.Build.0 = Release|Any CPU
		{39E1F226-B9EB-4B8B-A308-05207AA07881}.Debug|Any CPU.ActiveCfg = Debug|Any CPU
		{39E1F226-B9EB-4B8B-A308-05207AA07881}.Debug|Any CPU.Build.0 = Debug|Any CPU
		{39E1F226-B9EB-4B8B-A308-05207AA07881}.Release|Any CPU.ActiveCfg = Release|Any CPU
		{39E1F226-B9EB-4B8B-A308-05207AA07881}.Release|Any CPU.Build.0 = Release|Any CPU
		{2839163E-2D6C-4981-B7C5-2B5EBF9675CB}.Debug|Any CPU.ActiveCfg = Debug|Any CPU
		{2839163E-2D6C-4981-B7C5-2B5EBF9675CB}.Debug|Any CPU.Build.0 = Debug|Any CPU
		{2839163E-2D6C-4981-B7C5-2B5EBF9675CB}.Release|Any CPU.ActiveCfg = Release|Any CPU
		{2839163E-2D6C-4981-B7C5-2B5EBF9675CB}.Release|Any CPU.Build.0 = Release|Any CPU
		{84B516B1-40A7-4EEE-AE06-9409BDDB29DB}.Debug|Any CPU.ActiveCfg = Debug|Any CPU
		{84B516B1-40A7-4EEE-AE06-9409BDDB29DB}.Debug|Any CPU.Build.0 = Debug|Any CPU
		{84B516B1-40A7-4EEE-AE06-9409BDDB29DB}.Release|Any CPU.ActiveCfg = Release|Any CPU
		{84B516B1-40A7-4EEE-AE06-9409BDDB29DB}.Release|Any CPU.Build.0 = Release|Any CPU
		{C54760C2-6EF9-469E-AFF8-E7C1B4073152}.Debug|Any CPU.ActiveCfg = Debug|Any CPU
		{C54760C2-6EF9-469E-AFF8-E7C1B4073152}.Debug|Any CPU.Build.0 = Debug|Any CPU
		{C54760C2-6EF9-469E-AFF8-E7C1B4073152}.Release|Any CPU.ActiveCfg = Release|Any CPU
		{C54760C2-6EF9-469E-AFF8-E7C1B4073152}.Release|Any CPU.Build.0 = Release|Any CPU
		{443E7D61-FDB8-48F5-A4CF-B757DC58033A}.Debug|Any CPU.ActiveCfg = Debug|Any CPU
		{443E7D61-FDB8-48F5-A4CF-B757DC58033A}.Debug|Any CPU.Build.0 = Debug|Any CPU
		{443E7D61-FDB8-48F5-A4CF-B757DC58033A}.Release|Any CPU.ActiveCfg = Release|Any CPU
		{443E7D61-FDB8-48F5-A4CF-B757DC58033A}.Release|Any CPU.Build.0 = Release|Any CPU
	EndGlobalSection
	GlobalSection(SolutionProperties) = preSolution
		HideSolutionNode = FALSE
	EndGlobalSection
	GlobalSection(ExtensibilityGlobals) = postSolution
		SolutionGuid = {E573667C-FB3B-44A3-801E-FBEFDC58BE60}
	EndGlobalSection
EndGlobal
